
Microsoft Visual Studio Solution File, Format Version 12.00
# Visual Studio Version 17
VisualStudioVersion = 17.7.34031.279
MinimumVisualStudioVersion = 10.0.40219.1
Project("{FAE04EC0-301F-11D3-BF4B-00C04F79EFBC}") = "SeriousLauncher", "SeriousLauncher.csproj", "{ABA6E530-1668-4B0D-A29B-FC0A0EE7A0FC}"
EndProject
Global
	GlobalSection(SolutionConfigurationPlatforms) = preSolution
		Debug|Any CPU = Debug|Any CPU
		Release|Any CPU = Release|Any CPU
	EndGlobalSection
	GlobalSection(ProjectConfigurationPlatforms) = postSolution
		{ABA6E530-1668-4B0D-A29B-FC0A0EE7A0FC}.Debug|Any CPU.ActiveCfg = Debug|Any CPU
		{ABA6E530-1668-4B0D-A29B-FC0A0EE7A0FC}.Debug|Any CPU.Build.0 = Debug|Any CPU
		{ABA6E530-1668-4B0D-A29B-FC0A0EE7A0FC}.Release|Any CPU.ActiveCfg = Release|Any CPU
		{ABA6E530-1668-4B0D-A29B-FC0A0EE7A0FC}.Release|Any CPU.Build.0 = Release|Any CPU
	EndGlobalSection
	GlobalSection(SolutionProperties) = preSolution
		HideSolutionNode = FALSE
	EndGlobalSection
	GlobalSection(ExtensibilityGlobals) = postSolution
		SolutionGuid = {E6AA19D7-48CF-4E1B-9758-12AC6F536E29}
	EndGlobalSection
EndGlobal
